
Microsoft Visual Studio Solution File, Format Version 12.00
# Visual Studio Version 16
VisualStudioVersion = 16.0.31105.61
MinimumVisualStudioVersion = 10.0.40219.1
Project("{FAE04EC0-301F-11D3-BF4B-00C04F79EFBC}") = "graphql-subscription-poc", "graphql-subscription-poc\graphql-subscription-poc.csproj", "{A01687E4-2C2A-482E-85C8-E5E43163D9AF}"
EndProject
Global
	GlobalSection(SolutionConfigurationPlatforms) = preSolution
		Debug|Any CPU = Debug|Any CPU
		Release|Any CPU = Release|Any CPU
	EndGlobalSection
	GlobalSection(ProjectConfigurationPlatforms) = postSolution
		{A01687E4-2C2A-482E-85C8-E5E43163D9AF}.Debug|Any CPU.ActiveCfg = Debug|Any CPU
		{A01687E4-2C2A-482E-85C8-E5E43163D9AF}.Debug|Any CPU.Build.0 = Debug|Any CPU
		{A01687E4-2C2A-482E-85C8-E5E43163D9AF}.Release|Any CPU.ActiveCfg = Release|Any CPU
		{A01687E4-2C2A-482E-85C8-E5E43163D9AF}.Release|Any CPU.Build.0 = Release|Any CPU
	EndGlobalSection
	GlobalSection(SolutionProperties) = preSolution
		HideSolutionNode = FALSE
	EndGlobalSection
	GlobalSection(ExtensibilityGlobals) = postSolution
		SolutionGuid = {8CBBEC8B-9E76-49BF-B6E7-246E866FB477}
	EndGlobalSection
EndGlobal
